{
  "name": "greenkeeper-test",
  "version": "1.0.0",
  "lockfileVersion": 1,
  "requires": true,
  "dependencies": {
    "argparse": {
      "version": "0.1.16",
      "resolved": "https://registry.npmjs.org/argparse/-/argparse-0.1.16.tgz",
      "integrity": "sha1-z9AeD7uj1srtBJ+9dY1A9lGW9Xw=",
      "requires": {
        "underscore": "1.7.0",
        "underscore.string": "2.4.0"
      }
    },
    "js-yaml": {
      "version": "1.0.3",
      "resolved": "https://registry.npmjs.org/js-yaml/-/js-yaml-1.0.3.tgz",
      "integrity": "sha1-7GGXYP/IrlAcPWJnPYdOK58HQio=",
      "requires": {
        "argparse": "0.1.16"
      }
    },
    "moment": {
      "version": "2.10.6",
      "resolved": "https://registry.npmjs.org/moment/-/moment-2.10.6.tgz",
      "integrity": "sha1-bLIZZ8ecunsMpeZmRPFzZis++nc="
    },
    "safe-buffer": {
      "version": "5.1.1",
      "resolved": "https://registry.npmjs.org/safe-buffer/-/safe-buffer-5.1.1.tgz",
      "integrity": "sha512-kKvNJn6Mm93gAczWVJg7wH+wGYWNrDHdWvpUmHyEsgCtIwwo3bqPtV4tR5tuPaUhTOo/kvhVwd8XwwOllGYkbg=="
    },
    "ssri": {
      "version": "5.2.1",
      "resolved": "https://registry.npmjs.org/ssri/-/ssri-5.2.1.tgz",
      "integrity": "sha512-y4PjOWlAuxt+yAcXitQYOnOzZpKaH3+f/qGV3OWxbyC2noC9FA9GNC9uILnVdV7jruA1aDKr4OKz3ZDBcVZwFQ==",
      "requires": {
        "safe-buffer": "5.1.1"
      }
    },
    "underscore": {
      "version": "1.7.0",
      "resolved": "https://registry.npmjs.org/underscore/-/underscore-1.7.0.tgz",
      "integrity": "sha1-a7rwh3UA02vjTsqlhODbn+8DUgk="
    },
    "underscore.string": {
      "version": "2.4.0",
      "resolved": "https://registry.npmjs.org/underscore.string/-/underscore.string-2.4.0.tgz",
      "integrity": "sha1-jN2PusTi0uoefi6Al8QvRCKA+Fs="
    }
  }
}
